
Microsoft Visual Studio Solution File, Format Version 12.00
# Visual Studio Version 17
VisualStudioVersion = 17.2.32630.192
MinimumVisualStudioVersion = 10.0.40219.1
Project("{9A19103F-16F7-4668-BE54-9A1E7A4F7556}") = "Week1Review", "Week1Review\Week1Review.csproj", "{170E5A24-1FF5-4858-9FBB-F36F57B51F4D}"
EndProject
Project("{9A19103F-16F7-4668-BE54-9A1E7A4F7556}") = "LoopReview", "LoopReview\LoopReview.csproj", "{C8218C4D-2199-4963-850D-82B3096F4EAD}"
EndProject
Project("{9A19103F-16F7-4668-BE54-9A1E7A4F7556}") = "ArrayDemo", "ArrayDemo\ArrayDemo.csproj", "{3A10436B-D575-4F02-80AB-E48F83DD256B}"
EndProject
Project("{9A19103F-16F7-4668-BE54-9A1E7A4F7556}") = "ArrayDemo2", "ArrayDemo2\ArrayDemo2.csproj", "{9C085BFA-3393-4026-972D-8C0AD311A938}"
EndProject
Project("{9A19103F-16F7-4668-BE54-9A1E7A4F7556}") = "Arey", "Arey\Arey.csproj", "{8B303170-6F30-4F4F-86B6-9F1422B2E2F3}"
EndProject
Project("{9A19103F-16F7-4668-BE54-9A1E7A4F7556}") = "MoreWhiles", "MoreWhiles\MoreWhiles.csproj", "{DE6BE5AB-14DA-402C-90A7-6BF41E17B074}"
EndProject
Project("{9A19103F-16F7-4668-BE54-9A1E7A4F7556}") = "KeepGoing", "KeepGoing\KeepGoing.csproj", "{E8320EFF-F55F-4DD9-AD58-F6294163781C}"
EndProject
Project("{9A19103F-16F7-4668-BE54-9A1E7A4F7556}") = "StudentDatabase", "StudentDatabase\StudentDatabase.csproj", "{C2CE8DA6-3EB7-45B3-828B-3C2A963FF16E}"
EndProject
Project("{9A19103F-16F7-4668-BE54-9A1E7A4F7556}") = "ListDemo", "ListDemo\ListDemo.csproj", "{E3DC8C83-A95C-4021-A145-7732EFD89115}"
EndProject
Project("{9A19103F-16F7-4668-BE54-9A1E7A4F7556}") = "DictionaryDemo", "DictionaryDemo\DictionaryDemo.csproj", "{7CAEFD28-566A-45AD-B8EA-9378FEE4DE1D}"
EndProject
Project("{9A19103F-16F7-4668-BE54-9A1E7A4F7556}") = "ShoppingList", "ShoppingList\ShoppingList.csproj", "{09C7C203-EEC2-4C0C-8CB7-4EC895767EEF}"
EndProject
Project("{9A19103F-16F7-4668-BE54-9A1E7A4F7556}") = "DictionaryDemo2", "DictionaryDemo2\DictionaryDemo2.csproj", "{A70936AD-5163-4C7F-BB62-CCCF2CC3C22F}"
EndProject
Project("{9A19103F-16F7-4668-BE54-9A1E7A4F7556}") = "DictionaryDemo3", "DictionaryDemo3\DictionaryDemo3.csproj", "{1208F866-C688-427F-8A98-FCF1DCF26AD3}"
EndProject
Project("{9A19103F-16F7-4668-BE54-9A1E7A4F7556}") = "LoopPractice", "LoopPractice\LoopPractice.csproj", "{E344B7A6-2E93-483D-93D7-C1F8AB0AB4B7}"
EndProject
Project("{9A19103F-16F7-4668-BE54-9A1E7A4F7556}") = "OverloadingDemo", "OverloadingDemo\OverloadingDemo.csproj", "{D018CDC6-C543-40D7-8D26-0FF9B1FBA12F}"
EndProject
Project("{9A19103F-16F7-4668-BE54-9A1E7A4F7556}") = "StringPractice", "StringPractice\StringPractice.csproj", "{113C2874-37D0-4E8C-9D39-9D90C15C31D9}"
EndProject
Project("{9A19103F-16F7-4668-BE54-9A1E7A4F7556}") = "StackDemo", "StackDemo\StackDemo.csproj", "{D1271BB6-C468-455A-8F53-3157B79FBBB7}"
EndProject
Project("{9A19103F-16F7-4668-BE54-9A1E7A4F7556}") = "StringReversal", "StringReversal\StringReversal.csproj", "{EC2FE93B-75D5-4CB4-BDF5-18204237A204}"
EndProject
Project("{9A19103F-16F7-4668-BE54-9A1E7A4F7556}") = "Lab1P", "Lab1P\Lab1P.csproj", "{B0C5E85B-F35C-4DF2-B59D-ADEC82C27221}"
EndProject
Project("{9A19103F-16F7-4668-BE54-9A1E7A4F7556}") = "Lab2P", "Lab2P\Lab2P.csproj", "{87612313-6064-44A2-86C1-7CFD62C29322}"
EndProject
Project("{FAE04EC0-301F-11D3-BF4B-00C04F79EFBC}") = "Lab3P", "Lab3P\Lab3P.csproj", "{ED5007FF-1F36-4CF3-A888-062A2E7B3539}"
EndProject
Global
	GlobalSection(SolutionConfigurationPlatforms) = preSolution
		Debug|Any CPU = Debug|Any CPU
		Release|Any CPU = Release|Any CPU
	EndGlobalSection
	GlobalSection(ProjectConfigurationPlatforms) = postSolution
		{170E5A24-1FF5-4858-9FBB-F36F57B51F4D}.Debug|Any CPU.ActiveCfg = Debug|Any CPU
		{170E5A24-1FF5-4858-9FBB-F36F57B51F4D}.Debug|Any CPU.Build.0 = Debug|Any CPU
		{170E5A24-1FF5-4858-9FBB-F36F57B51F4D}.Release|Any CPU.ActiveCfg = Release|Any CPU
		{170E5A24-1FF5-4858-9FBB-F36F57B51F4D}.Release|Any CPU.Build.0 = Release|Any CPU
		{C8218C4D-2199-4963-850D-82B3096F4EAD}.Debug|Any CPU.ActiveCfg = Debug|Any CPU
		{C8218C4D-2199-4963-850D-82B3096F4EAD}.Debug|Any CPU.Build.0 = Debug|Any CPU
		{C8218C4D-2199-4963-850D-82B3096F4EAD}.Release|Any CPU.ActiveCfg = Release|Any CPU
		{C8218C4D-2199-4963-850D-82B3096F4EAD}.Release|Any CPU.Build.0 = Release|Any CPU
		{3A10436B-D575-4F02-80AB-E48F83DD256B}.Debug|Any CPU.ActiveCfg = Debug|Any CPU
		{3A10436B-D575-4F02-80AB-E48F83DD256B}.Debug|Any CPU.Build.0 = Debug|Any CPU
		{3A10436B-D575-4F02-80AB-E48F83DD256B}.Release|Any CPU.ActiveCfg = Release|Any CPU
		{3A10436B-D575-4F02-80AB-E48F83DD256B}.Release|Any CPU.Build.0 = Release|Any CPU
		{9C085BFA-3393-4026-972D-8C0AD311A938}.Debug|Any CPU.ActiveCfg = Debug|Any CPU
		{9C085BFA-3393-4026-972D-8C0AD311A938}.Debug|Any CPU.Build.0 = Debug|Any CPU
		{9C085BFA-3393-4026-972D-8C0AD311A938}.Release|Any CPU.ActiveCfg = Release|Any CPU
		{9C085BFA-3393-4026-972D-8C0AD311A938}.Release|Any CPU.Build.0 = Release|Any CPU
		{8B303170-6F30-4F4F-86B6-9F1422B2E2F3}.Debug|Any CPU.ActiveCfg = Debug|Any CPU
		{8B303170-6F30-4F4F-86B6-9F1422B2E2F3}.Debug|Any CPU.Build.0 = Debug|Any CPU
		{8B303170-6F30-4F4F-86B6-9F1422B2E2F3}.Release|Any CPU.ActiveCfg = Release|Any CPU
		{8B303170-6F30-4F4F-86B6-9F1422B2E2F3}.Release|Any CPU.Build.0 = Release|Any CPU
		{DE6BE5AB-14DA-402C-90A7-6BF41E17B074}.Debug|Any CPU.ActiveCfg = Debug|Any CPU
		{DE6BE5AB-14DA-402C-90A7-6BF41E17B074}.Debug|Any CPU.Build.0 = Debug|Any CPU
		{DE6BE5AB-14DA-402C-90A7-6BF41E17B074}.Release|Any CPU.ActiveCfg = Release|Any CPU
		{DE6BE5AB-14DA-402C-90A7-6BF41E17B074}.Release|Any CPU.Build.0 = Release|Any CPU
		{E8320EFF-F55F-4DD9-AD58-F6294163781C}.Debug|Any CPU.ActiveCfg = Debug|Any CPU
		{E8320EFF-F55F-4DD9-AD58-F6294163781C}.Debug|Any CPU.Build.0 = Debug|Any CPU
		{E8320EFF-F55F-4DD9-AD58-F6294163781C}.Release|Any CPU.ActiveCfg = Release|Any CPU
		{E8320EFF-F55F-4DD9-AD58-F6294163781C}.Release|Any CPU.Build.0 = Release|Any CPU
		{C2CE8DA6-3EB7-45B3-828B-3C2A963FF16E}.Debug|Any CPU.ActiveCfg = Debug|Any CPU
		{C2CE8DA6-3EB7-45B3-828B-3C2A963FF16E}.Debug|Any CPU.Build.0 = Debug|Any CPU
		{C2CE8DA6-3EB7-45B3-828B-3C2A963FF16E}.Release|Any CPU.ActiveCfg = Release|Any CPU
		{C2CE8DA6-3EB7-45B3-828B-3C2A963FF16E}.Release|Any CPU.Build.0 = Release|Any CPU
		{E3DC8C83-A95C-4021-A145-7732EFD89115}.Debug|Any CPU.ActiveCfg = Debug|Any CPU
		{E3DC8C83-A95C-4021-A145-7732EFD89115}.Debug|Any CPU.Build.0 = Debug|Any CPU
		{E3DC8C83-A95C-4021-A145-7732EFD89115}.Release|Any CPU.ActiveCfg = Release|Any CPU
		{E3DC8C83-A95C-4021-A145-7732EFD89115}.Release|Any CPU.Build.0 = Release|Any CPU
		{7CAEFD28-566A-45AD-B8EA-9378FEE4DE1D}.Debug|Any CPU.ActiveCfg = Debug|Any CPU
		{7CAEFD28-566A-45AD-B8EA-9378FEE4DE1D}.Debug|Any CPU.Build.0 = Debug|Any CPU
		{7CAEFD28-566A-45AD-B8EA-9378FEE4DE1D}.Release|Any CPU.ActiveCfg = Release|Any CPU
		{7CAEFD28-566A-45AD-B8EA-9378FEE4DE1D}.Release|Any CPU.Build.0 = Release|Any CPU
		{09C7C203-EEC2-4C0C-8CB7-4EC895767EEF}.Debug|Any CPU.ActiveCfg = Debug|Any CPU
		{09C7C203-EEC2-4C0C-8CB7-4EC895767EEF}.Debug|Any CPU.Build.0 = Debug|Any CPU
		{09C7C203-EEC2-4C0C-8CB7-4EC895767EEF}.Release|Any CPU.ActiveCfg = Release|Any CPU
		{09C7C203-EEC2-4C0C-8CB7-4EC895767EEF}.Release|Any CPU.Build.0 = Release|Any CPU
		{A70936AD-5163-4C7F-BB62-CCCF2CC3C22F}.Debug|Any CPU.ActiveCfg = Debug|Any CPU
		{A70936AD-5163-4C7F-BB62-CCCF2CC3C22F}.Debug|Any CPU.Build.0 = Debug|Any CPU
		{A70936AD-5163-4C7F-BB62-CCCF2CC3C22F}.Release|Any CPU.ActiveCfg = Release|Any CPU
		{A70936AD-5163-4C7F-BB62-CCCF2CC3C22F}.Release|Any CPU.Build.0 = Release|Any CPU
		{1208F866-C688-427F-8A98-FCF1DCF26AD3}.Debug|Any CPU.ActiveCfg = Debug|Any CPU
		{1208F866-C688-427F-8A98-FCF1DCF26AD3}.Debug|Any CPU.Build.0 = Debug|Any CPU
		{1208F866-C688-427F-8A98-FCF1DCF26AD3}.Release|Any CPU.ActiveCfg = Release|Any CPU
		{1208F866-C688-427F-8A98-FCF1DCF26AD3}.Release|Any CPU.Build.0 = Release|Any CPU
		{E344B7A6-2E93-483D-93D7-C1F8AB0AB4B7}.Debug|Any CPU.ActiveCfg = Debug|Any CPU
		{E344B7A6-2E93-483D-93D7-C1F8AB0AB4B7}.Debug|Any CPU.Build.0 = Debug|Any CPU
		{E344B7A6-2E93-483D-93D7-C1F8AB0AB4B7}.Release|Any CPU.ActiveCfg = Release|Any CPU
		{E344B7A6-2E93-483D-93D7-C1F8AB0AB4B7}.Release|Any CPU.Build.0 = Release|Any CPU
		{D018CDC6-C543-40D7-8D26-0FF9B1FBA12F}.Debug|Any CPU.ActiveCfg = Debug|Any CPU
		{D018CDC6-C543-40D7-8D26-0FF9B1FBA12F}.Debug|Any CPU.Build.0 = Debug|Any CPU
		{D018CDC6-C543-40D7-8D26-0FF9B1FBA12F}.Release|Any CPU.ActiveCfg = Release|Any CPU
		{D018CDC6-C543-40D7-8D26-0FF9B1FBA12F}.Release|Any CPU.Build.0 = Release|Any CPU
		{113C2874-37D0-4E8C-9D39-9D90C15C31D9}.Debug|Any CPU.ActiveCfg = Debug|Any CPU
		{113C2874-37D0-4E8C-9D39-9D90C15C31D9}.Debug|Any CPU.Build.0 = Debug|Any CPU
		{113C2874-37D0-4E8C-9D39-9D90C15C31D9}.Release|Any CPU.ActiveCfg = Release|Any CPU
		{113C2874-37D0-4E8C-9D39-9D90C15C31D9}.Release|Any CPU.Build.0 = Release|Any CPU
		{D1271BB6-C468-455A-8F53-3157B79FBBB7}.Debug|Any CPU.ActiveCfg = Debug|Any CPU
		{D1271BB6-C468-455A-8F53-3157B79FBBB7}.Debug|Any CPU.Build.0 = Debug|Any CPU
		{D1271BB6-C468-455A-8F53-3157B79FBBB7}.Release|Any CPU.ActiveCfg = Release|Any CPU
		{D1271BB6-C468-455A-8F53-3157B79FBBB7}.Release|Any CPU.Build.0 = Release|Any CPU
		{EC2FE93B-75D5-4CB4-BDF5-18204237A204}.Debug|Any CPU.ActiveCfg = Debug|Any CPU
		{EC2FE93B-75D5-4CB4-BDF5-18204237A204}.Debug|Any CPU.Build.0 = Debug|Any CPU
		{EC2FE93B-75D5-4CB4-BDF5-18204237A204}.Release|Any CPU.ActiveCfg = Release|Any CPU
		{EC2FE93B-75D5-4CB4-BDF5-18204237A204}.Release|Any CPU.Build.0 = Release|Any CPU
		{B0C5E85B-F35C-4DF2-B59D-ADEC82C27221}.Debug|Any CPU.ActiveCfg = Debug|Any CPU
		{B0C5E85B-F35C-4DF2-B59D-ADEC82C27221}.Debug|Any CPU.Build.0 = Debug|Any CPU
		{B0C5E85B-F35C-4DF2-B59D-ADEC82C27221}.Release|Any CPU.ActiveCfg = Release|Any CPU
		{B0C5E85B-F35C-4DF2-B59D-ADEC82C27221}.Release|Any CPU.Build.0 = Release|Any CPU
		{87612313-6064-44A2-86C1-7CFD62C29322}.Debug|Any CPU.ActiveCfg = Debug|Any CPU
		{87612313-6064-44A2-86C1-7CFD62C29322}.Debug|Any CPU.Build.0 = Debug|Any CPU
		{87612313-6064-44A2-86C1-7CFD62C29322}.Release|Any CPU.ActiveCfg = Release|Any CPU
		{87612313-6064-44A2-86C1-7CFD62C29322}.Release|Any CPU.Build.0 = Release|Any CPU
		{ED5007FF-1F36-4CF3-A888-062A2E7B3539}.Debug|Any CPU.ActiveCfg = Debug|Any CPU
		{ED5007FF-1F36-4CF3-A888-062A2E7B3539}.Debug|Any CPU.Build.0 = Debug|Any CPU
		{ED5007FF-1F36-4CF3-A888-062A2E7B3539}.Release|Any CPU.ActiveCfg = Release|Any CPU
		{ED5007FF-1F36-4CF3-A888-062A2E7B3539}.Release|Any CPU.Build.0 = Release|Any CPU
	EndGlobalSection
	GlobalSection(SolutionProperties) = preSolution
		HideSolutionNode = FALSE
	EndGlobalSection
	GlobalSection(ExtensibilityGlobals) = postSolution
		SolutionGuid = {493527E4-DA6C-4977-BEA4-27163AFCD8BA}
	EndGlobalSection
EndGlobal
